
Microsoft Visual Studio Solution File, Format Version 12.00
# Visual Studio Version 17
VisualStudioVersion = 17.2.32630.192
MinimumVisualStudioVersion = 10.0.40219.1
Project("{8BC9CEB8-8B4A-11D0-8D11-00A0C91BC942}") = "Module4", "Module4\Module4.vcxproj", "{EEC2E6AA-ABCA-44F6-8E60-C850F1B675C5}"
EndProject
Global
	GlobalSection(SolutionConfigurationPlatforms) = preSolution
		Debug|x64 = Debug|x64
		Debug|x86 = Debug|x86
		Release|x64 = Release|x64
		Release|x86 = Release|x86
	EndGlobalSection
	GlobalSection(ProjectConfigurationPlatforms) = postSolution
		{EEC2E6AA-ABCA-44F6-8E60-C850F1B675C5}.Debug|x64.ActiveCfg = Debug|x64
		{EEC2E6AA-ABCA-44F6-8E60-C850F1B675C5}.Debug|x64.Build.0 = Debug|x64
		{EEC2E6AA-ABCA-44F6-8E60-C850F1B675C5}.Debug|x86.ActiveCfg = Debug|Win32
		{EEC2E6AA-ABCA-44F6-8E60-C850F1B675C5}.Debug|x86.Build.0 = Debug|Win32
		{EEC2E6AA-ABCA-44F6-8E60-C850F1B675C5}.Release|x64.ActiveCfg = Release|x64
		{EEC2E6AA-ABCA-44F6-8E60-C850F1B675C5}.Release|x64.Build.0 = Release|x64
		{EEC2E6AA-ABCA-44F6-8E60-C850F1B675C5}.Release|x86.ActiveCfg = Release|Win32
		{EEC2E6AA-ABCA-44F6-8E60-C850F1B675C5}.Release|x86.Build.0 = Release|Win32
	EndGlobalSection
	GlobalSection(SolutionProperties) = preSolution
		HideSolutionNode = FALSE
	EndGlobalSection
	GlobalSection(ExtensibilityGlobals) = postSolution
		SolutionGuid = {30946582-2DBE-4499-8F4C-64944F6EDE2D}
	EndGlobalSection
EndGlobal
